// !$*UTF8*$!
{
	archiveVersion = 1;
	classes = {
	};
	objectVersion = 46;
	objects = {

/* Begin PBXBuildFile section */
		DA7D50F41DD1847F00BB6DD6 /* IosTools.h in CopyFiles */ = {isa = PBXBuildFile; fileRef = DA7D50F11DD1847F00BB6DD6 /* IosTools.h */; };
		DA7D511C1DD1A2A000BB6DD6 /* NSDate+ZZExtension.m in Sources */ = {isa = PBXBuildFile; fileRef = DA7D50FC1DD1A2A000BB6DD6 /* NSDate+ZZExtension.m */; };
		DA7D511D1DD1A2A000BB6DD6 /* NSObject+ZZExtension.m in Sources */ = {isa = PBXBuildFile; fileRef = DA7D50FE1DD1A2A000BB6DD6 /* NSObject+ZZExtension.m */; };
		DA7D511E1DD1A2A000BB6DD6 /* UIButton+ZZExtension.m in Sources */ = {isa = PBXBuildFile; fileRef = DA7D51001DD1A2A000BB6DD6 /* UIButton+ZZExtension.m */; };
		DA7D511F1DD1A2A000BB6DD6 /* UITextField+ZZExtension.m in Sources */ = {isa = PBXBuildFile; fileRef = DA7D51021DD1A2A000BB6DD6 /* UITextField+ZZExtension.m */; };
		DA7D51201DD1A2A000BB6DD6 /* UIView+ZZExtension.m in Sources */ = {isa = PBXBuildFile; fileRef = DA7D51041DD1A2A000BB6DD6 /* UIView+ZZExtension.m */; };
		DA7D51211DD1A2A000BB6DD6 /* ZZButton.m in Sources */ = {isa = PBXBuildFile; fileRef = DA7D51071DD1A2A000BB6DD6 /* ZZButton.m */; };
		DA7D51221DD1A2A000BB6DD6 /* ZZCollectionView.m in Sources */ = {isa = PBXBuildFile; fileRef = DA7D51091DD1A2A000BB6DD6 /* ZZCollectionView.m */; };
		DA7D51231DD1A2A000BB6DD6 /* ZZImageView.m in Sources */ = {isa = PBXBuildFile; fileRef = DA7D510B1DD1A2A000BB6DD6 /* ZZImageView.m */; };
		DA7D51241DD1A2A000BB6DD6 /* ZZLabel.m in Sources */ = {isa = PBXBuildFile; fileRef = DA7D510D1DD1A2A000BB6DD6 /* ZZLabel.m */; };
		DA7D51251DD1A2A000BB6DD6 /* ZZLabelWithTopLeft.m in Sources */ = {isa = PBXBuildFile; fileRef = DA7D510F1DD1A2A000BB6DD6 /* ZZLabelWithTopLeft.m */; };
		DA7D51261DD1A2A000BB6DD6 /* ZZScrollView.m in Sources */ = {isa = PBXBuildFile; fileRef = DA7D51111DD1A2A000BB6DD6 /* ZZScrollView.m */; };
		DA7D51271DD1A2A000BB6DD6 /* ZZTableView.m in Sources */ = {isa = PBXBuildFile; fileRef = DA7D51131DD1A2A000BB6DD6 /* ZZTableView.m */; };
		DA7D51281DD1A2A000BB6DD6 /* ZZTableViewCell.m in Sources */ = {isa = PBXBuildFile; fileRef = DA7D51151DD1A2A000BB6DD6 /* ZZTableViewCell.m */; };
		DA7D51291DD1A2A000BB6DD6 /* ZZTextField.m in Sources */ = {isa = PBXBuildFile; fileRef = DA7D51171DD1A2A000BB6DD6 /* ZZTextField.m */; };
		DA7D512A1DD1A2A000BB6DD6 /* ZZTextView.m in Sources */ = {isa = PBXBuildFile; fileRef = DA7D51191DD1A2A000BB6DD6 /* ZZTextView.m */; };
		DA7D512B1DD1A2A000BB6DD6 /* ZZView.m in Sources */ = {isa = PBXBuildFile; fileRef = DA7D511B1DD1A2A000BB6DD6 /* ZZView.m */; };
/* End PBXBuildFile section */

/* Begin PBXCopyFilesBuildPhase section */
		DA7D50EC1DD1847F00BB6DD6 /* CopyFiles */ = {
			isa = PBXCopyFilesBuildPhase;
			buildActionMask = 2147483647;
			dstPath = "include/$(PRODUCT_NAME)";
			dstSubfolderSpec = 16;
			files = (
				DA7D50F41DD1847F00BB6DD6 /* IosTools.h in CopyFiles */,
			);
			runOnlyForDeploymentPostprocessing = 0;
		};
/* End PBXCopyFilesBuildPhase section */

/* Begin PBXFileReference section */
		DA7D50EE1DD1847F00BB6DD6 /* libIosTools.a */ = {isa = PBXFileReference; explicitFileType = archive.ar; includeInIndex = 0; path = libIosTools.a; sourceTree = BUILT_PRODUCTS_DIR; };
		DA7D50F11DD1847F00BB6DD6 /* IosTools.h */ = {isa = PBXFileReference; lastKnownFileType = sourcecode.c.h; path = IosTools.h; sourceTree = "<group>"; };
		DA7D50FB1DD1A2A000BB6DD6 /* NSDate+ZZExtension.h */ = {isa = PBXFileReference; fileEncoding = 4; lastKnownFileType = sourcecode.c.h; path = "NSDate+ZZExtension.h"; sourceTree = "<group>"; };
		DA7D50FC1DD1A2A000BB6DD6 /* NSDate+ZZExtension.m */ = {isa = PBXFileReference; fileEncoding = 4; lastKnownFileType = sourcecode.c.objc; path = "NSDate+ZZExtension.m"; sourceTree = "<group>"; };
		DA7D50FD1DD1A2A000BB6DD6 /* NSObject+ZZExtension.h */ = {isa = PBXFileReference; fileEncoding = 4; lastKnownFileType = sourcecode.c.h; path = "NSObject+ZZExtension.h"; sourceTree = "<group>"; };
		DA7D50FE1DD1A2A000BB6DD6 /* NSObject+ZZExtension.m */ = {isa = PBXFileReference; fileEncoding = 4; lastKnownFileType = sourcecode.c.objc; path = "NSObject+ZZExtension.m"; sourceTree = "<group>"; };
		DA7D50FF1DD1A2A000BB6DD6 /* UIButton+ZZExtension.h */ = {isa = PBXFileReference; fileEncoding = 4; lastKnownFileType = sourcecode.c.h; path = "UIButton+ZZExtension.h"; sourceTree = "<group>"; };
		DA7D51001DD1A2A000BB6DD6 /* UIButton+ZZExtension.m */ = {isa = PBXFileReference; fileEncoding = 4; lastKnownFileType = sourcecode.c.objc; path = "UIButton+ZZExtension.m"; sourceTree = "<group>"; };
		DA7D51011DD1A2A000BB6DD6 /* UITextField+ZZExtension.h */ = {isa = PBXFileReference; fileEncoding = 4; lastKnownFileType = sourcecode.c.h; path = "UITextField+ZZExtension.h"; sourceTree = "<group>"; };
		DA7D51021DD1A2A000BB6DD6 /* UITextField+ZZExtension.m */ = {isa = PBXFileReference; fileEncoding = 4; lastKnownFileType = sourcecode.c.objc; path = "UITextField+ZZExtension.m"; sourceTree = "<group>"; };
		DA7D51031DD1A2A000BB6DD6 /* UIView+ZZExtension.h */ = {isa = PBXFileReference; fileEncoding = 4; lastKnownFileType = sourcecode.c.h; path = "UIView+ZZExtension.h"; sourceTree = "<group>"; };
		DA7D51041DD1A2A000BB6DD6 /* UIView+ZZExtension.m */ = {isa = PBXFileReference; fileEncoding = 4; lastKnownFileType = sourcecode.c.objc; path = "UIView+ZZExtension.m"; sourceTree = "<group>"; };
		DA7D51061DD1A2A000BB6DD6 /* ZZButton.h */ = {isa = PBXFileReference; fileEncoding = 4; lastKnownFileType = sourcecode.c.h; path = ZZButton.h; sourceTree = "<group>"; };
		DA7D51071DD1A2A000BB6DD6 /* ZZButton.m */ = {isa = PBXFileReference; fileEncoding = 4; lastKnownFileType = sourcecode.c.objc; path = ZZButton.m; sourceTree = "<group>"; };
		DA7D51081DD1A2A000BB6DD6 /* ZZCollectionView.h */ = {isa = PBXFileReference; fileEncoding = 4; lastKnownFileType = sourcecode.c.h; path = ZZCollectionView.h; sourceTree = "<group>"; };
		DA7D51091DD1A2A000BB6DD6 /* ZZCollectionView.m */ = {isa = PBXFileReference; fileEncoding = 4; lastKnownFileType = sourcecode.c.objc; path = ZZCollectionView.m; sourceTree = "<group>"; };
		DA7D510A1DD1A2A000BB6DD6 /* ZZImageView.h */ = {isa = PBXFileReference; fileEncoding = 4; lastKnownFileType = sourcecode.c.h; path = ZZImageView.h; sourceTree = "<group>"; };
		DA7D510B1DD1A2A000BB6DD6 /* ZZImageView.m */ = {isa = PBXFileReference; fileEncoding = 4; lastKnownFileType = sourcecode.c.objc; path = ZZImageView.m; sourceTree = "<group>"; };
		DA7D510C1DD1A2A000BB6DD6 /* ZZLabel.h */ = {isa = PBXFileReference; fileEncoding = 4; lastKnownFileType = sourcecode.c.h; path = ZZLabel.h; sourceTree = "<group>"; };
		DA7D510D1DD1A2A000BB6DD6 /* ZZLabel.m */ = {isa = PBXFileReference; fileEncoding = 4; lastKnownFileType = sourcecode.c.objc; path = ZZLabel.m; sourceTree = "<group>"; };
		DA7D510E1DD1A2A000BB6DD6 /* ZZLabelWithTopLeft.h */ = {isa = PBXFileReference; fileEncoding = 4; lastKnownFileType = sourcecode.c.h; path = ZZLabelWithTopLeft.h; sourceTree = "<group>"; };
		DA7D510F1DD1A2A000BB6DD6 /* ZZLabelWithTopLeft.m */ = {isa = PBXFileReference; fileEncoding = 4; lastKnownFileType = sourcecode.c.objc; path = ZZLabelWithTopLeft.m; sourceTree = "<group>"; };
		DA7D51101DD1A2A000BB6DD6 /* ZZScrollView.h */ = {isa = PBXFileReference; fileEncoding = 4; lastKnownFileType = sourcecode.c.h; path = ZZScrollView.h; sourceTree = "<group>"; };
		DA7D51111DD1A2A000BB6DD6 /* ZZScrollView.m */ = {isa = PBXFileReference; fileEncoding = 4; lastKnownFileType = sourcecode.c.objc; path = ZZScrollView.m; sourceTree = "<group>"; };
		DA7D51121DD1A2A000BB6DD6 /* ZZTableView.h */ = {isa = PBXFileReference; fileEncoding = 4; lastKnownFileType = sourcecode.c.h; path = ZZTableView.h; sourceTree = "<group>"; };
		DA7D51131DD1A2A000BB6DD6 /* ZZTableView.m */ = {isa = PBXFileReference; fileEncoding = 4; lastKnownFileType = sourcecode.c.objc; path = ZZTableView.m; sourceTree = "<group>"; };
		DA7D51141DD1A2A000BB6DD6 /* ZZTableViewCell.h */ = {isa = PBXFileReference; fileEncoding = 4; lastKnownFileType = sourcecode.c.h; path = ZZTableViewCell.h; sourceTree = "<group>"; };
		DA7D51151DD1A2A000BB6DD6 /* ZZTableViewCell.m */ = {isa = PBXFileReference; fileEncoding = 4; lastKnownFileType = sourcecode.c.objc; path = ZZTableViewCell.m; sourceTree = "<group>"; };
		DA7D51161DD1A2A000BB6DD6 /* ZZTextField.h */ = {isa = PBXFileReference; fileEncoding = 4; lastKnownFileType = sourcecode.c.h; path = ZZTextField.h; sourceTree = "<group>"; };
		DA7D51171DD1A2A000BB6DD6 /* ZZTextField.m */ = {isa = PBXFileReference; fileEncoding = 4; lastKnownFileType = sourcecode.c.objc; path = ZZTextField.m; sourceTree = "<group>"; };
		DA7D51181DD1A2A000BB6DD6 /* ZZTextView.h */ = {isa = PBXFileReference; fileEncoding = 4; lastKnownFileType = sourcecode.c.h; path = ZZTextView.h; sourceTree = "<group>"; };
		DA7D51191DD1A2A000BB6DD6 /* ZZTextView.m */ = {isa = PBXFileReference; fileEncoding = 4; lastKnownFileType = sourcecode.c.objc; path = ZZTextView.m; sourceTree = "<group>"; };
		DA7D511A1DD1A2A000BB6DD6 /* ZZView.h */ = {isa = PBXFileReference; fileEncoding = 4; lastKnownFileType = sourcecode.c.h; path = ZZView.h; sourceTree = "<group>"; };
		DA7D511B1DD1A2A000BB6DD6 /* ZZView.m */ = {isa = PBXFileReference; fileEncoding = 4; lastKnownFileType = sourcecode.c.objc; path = ZZView.m; sourceTree = "<group>"; };
		DA7D512D1DD1A56700BB6DD6 /* UIKit.framework */ = {isa = PBXFileReference; lastKnownFileType = wrapper.framework; name = UIKit.framework; path = System/Library/Frameworks/UIKit.framework; sourceTree = SDKROOT; };
		DA7D512F1DD1A57400BB6DD6 /* Foundation.framework */ = {isa = PBXFileReference; lastKnownFileType = wrapper.framework; name = Foundation.framework; path = System/Library/Frameworks/Foundation.framework; sourceTree = SDKROOT; };
		DA7D51311DD1A81800BB6DD6 /* CoreGraphics.framework */ = {isa = PBXFileReference; lastKnownFileType = wrapper.framework; name = CoreGraphics.framework; path = System/Library/Frameworks/CoreGraphics.framework; sourceTree = SDKROOT; };
/* End PBXFileReference section */

/* Begin PBXFrameworksBuildPhase section */
		DA7D50EB1DD1847F00BB6DD6 /* Frameworks */ = {
			isa = PBXFrameworksBuildPhase;
			buildActionMask = 2147483647;
			files = (
			);
			runOnlyForDeploymentPostprocessing = 0;
		};
/* End PBXFrameworksBuildPhase section */

/* Begin PBXGroup section */
		DA7D50E51DD1847E00BB6DD6 = {
			isa = PBXGroup;
			children = (
				DA7D50F01DD1847F00BB6DD6 /* IosTools */,
				DA7D50EF1DD1847F00BB6DD6 /* Products */,
				DA7D512C1DD1A56600BB6DD6 /* Frameworks */,
			);
			sourceTree = "<group>";
		};
		DA7D50EF1DD1847F00BB6DD6 /* Products */ = {
			isa = PBXGroup;
			children = (
				DA7D50EE1DD1847F00BB6DD6 /* libIosTools.a */,
			);
			name = Products;
			sourceTree = "<group>";
		};
		DA7D50F01DD1847F00BB6DD6 /* IosTools */ = {
			isa = PBXGroup;
			children = (
				DA7D50F11DD1847F00BB6DD6 /* IosTools.h */,
				DA7D50FA1DD1A2A000BB6DD6 /* cluster */,
				DA7D51051DD1A2A000BB6DD6 /* inherit */,
			);
			path = IosTools;
			sourceTree = "<group>";
		};
		DA7D50FA1DD1A2A000BB6DD6 /* cluster */ = {
			isa = PBXGroup;
			children = (
				DA7D50FB1DD1A2A000BB6DD6 /* NSDate+ZZExtension.h */,
				DA7D50FC1DD1A2A000BB6DD6 /* NSDate+ZZExtension.m */,
				DA7D50FD1DD1A2A000BB6DD6 /* NSObject+ZZExtension.h */,
				DA7D50FE1DD1A2A000BB6DD6 /* NSObject+ZZExtension.m */,
				DA7D50FF1DD1A2A000BB6DD6 /* UIButton+ZZExtension.h */,
				DA7D51001DD1A2A000BB6DD6 /* UIButton+ZZExtension.m */,
				DA7D51011DD1A2A000BB6DD6 /* UITextField+ZZExtension.h */,
				DA7D51021DD1A2A000BB6DD6 /* UITextField+ZZExtension.m */,
				DA7D51031DD1A2A000BB6DD6 /* UIView+ZZExtension.h */,
				DA7D51041DD1A2A000BB6DD6 /* UIView+ZZExtension.m */,
			);
			path = cluster;
			sourceTree = "<group>";
		};
		DA7D51051DD1A2A000BB6DD6 /* inherit */ = {
			isa = PBXGroup;
			children = (
				DA7D51061DD1A2A000BB6DD6 /* ZZButton.h */,
				DA7D51071DD1A2A000BB6DD6 /* ZZButton.m */,
				DA7D51081DD1A2A000BB6DD6 /* ZZCollectionView.h */,
				DA7D51091DD1A2A000BB6DD6 /* ZZCollectionView.m */,
				DA7D510A1DD1A2A000BB6DD6 /* ZZImageView.h */,
				DA7D510B1DD1A2A000BB6DD6 /* ZZImageView.m */,
				DA7D510C1DD1A2A000BB6DD6 /* ZZLabel.h */,
				DA7D510D1DD1A2A000BB6DD6 /* ZZLabel.m */,
				DA7D510E1DD1A2A000BB6DD6 /* ZZLabelWithTopLeft.h */,
				DA7D510F1DD1A2A000BB6DD6 /* ZZLabelWithTopLeft.m */,
				DA7D51101DD1A2A000BB6DD6 /* ZZScrollView.h */,
				DA7D51111DD1A2A000BB6DD6 /* ZZScrollView.m */,
				DA7D51121DD1A2A000BB6DD6 /* ZZTableView.h */,
				DA7D51131DD1A2A000BB6DD6 /* ZZTableView.m */,
				DA7D51141DD1A2A000BB6DD6 /* ZZTableViewCell.h */,
				DA7D51151DD1A2A000BB6DD6 /* ZZTableViewCell.m */,
				DA7D51161DD1A2A000BB6DD6 /* ZZTextField.h */,
				DA7D51171DD1A2A000BB6DD6 /* ZZTextField.m */,
				DA7D51181DD1A2A000BB6DD6 /* ZZTextView.h */,
				DA7D51191DD1A2A000BB6DD6 /* ZZTextView.m */,
				DA7D511A1DD1A2A000BB6DD6 /* ZZView.h */,
				DA7D511B1DD1A2A000BB6DD6 /* ZZView.m */,
			);
			path = inherit;
			sourceTree = "<group>";
		};
		DA7D512C1DD1A56600BB6DD6 /* Frameworks */ = {
			isa = PBXGroup;
			children = (
				DA7D51311DD1A81800BB6DD6 /* CoreGraphics.framework */,
				DA7D512F1DD1A57400BB6DD6 /* Foundation.framework */,
				DA7D512D1DD1A56700BB6DD6 /* UIKit.framework */,
			);
			name = Frameworks;
			sourceTree = "<group>";
		};
/* End PBXGroup section */

/* Begin PBXNativeTarget section */
		DA7D50ED1DD1847F00BB6DD6 /* IosTools */ = {
			isa = PBXNativeTarget;
			buildConfigurationList = DA7D50F71DD1847F00BB6DD6 /* Build configuration list for PBXNativeTarget "IosTools" */;
			buildPhases = (
				DA7D50EA1DD1847F00BB6DD6 /* Sources */,
				DA7D50EB1DD1847F00BB6DD6 /* Frameworks */,
				DA7D50EC1DD1847F00BB6DD6 /* CopyFiles */,
			);
			buildRules = (
			);
			dependencies = (
			);
			name = IosTools;
			productName = IosTools;
			productReference = DA7D50EE1DD1847F00BB6DD6 /* libIosTools.a */;
			productType = "com.apple.product-type.library.static";
		};
/* End PBXNativeTarget section */

/* Begin PBXProject section */
		DA7D50E61DD1847E00BB6DD6 /* Project object */ = {
			isa = PBXProject;
			attributes = {
				LastUpgradeCheck = 0810;
				ORGANIZATIONNAME = anchen;
				TargetAttributes = {
					DA7D50ED1DD1847F00BB6DD6 = {
						CreatedOnToolsVersion = 8.1;
						DevelopmentTeam = 8X56BT85G7;
						ProvisioningStyle = Automatic;
					};
				};
			};
			buildConfigurationList = DA7D50E91DD1847F00BB6DD6 /* Build configuration list for PBXProject "IosTools" */;
			compatibilityVersion = "Xcode 3.2";
			developmentRegion = English;
			hasScannedForEncodings = 0;
			knownRegions = (
				en,
			);
			mainGroup = DA7D50E51DD1847E00BB6DD6;
			productRefGroup = DA7D50EF1DD1847F00BB6DD6 /* Products */;
			projectDirPath = "";
			projectRoot = "";
			targets = (
				DA7D50ED1DD1847F00BB6DD6 /* IosTools */,
			);
		};
/* End PBXProject section */

/* Begin PBXSourcesBuildPhase section */
		DA7D50EA1DD1847F00BB6DD6 /* Sources */ = {
			isa = PBXSourcesBuildPhase;
			buildActionMask = 2147483647;
			files = (
				DA7D51201DD1A2A000BB6DD6 /* UIView+ZZExtension.m in Sources */,
				DA7D51271DD1A2A000BB6DD6 /* ZZTableView.m in Sources */,
				DA7D51251DD1A2A000BB6DD6 /* ZZLabelWithTopLeft.m in Sources */,
				DA7D511C1DD1A2A000BB6DD6 /* NSDate+ZZExtension.m in Sources */,
				DA7D512B1DD1A2A000BB6DD6 /* ZZView.m in Sources */,
				DA7D51221DD1A2A000BB6DD6 /* ZZCollectionView.m in Sources */,
				DA7D512A1DD1A2A000BB6DD6 /* ZZTextView.m in Sources */,
				DA7D511F1DD1A2A000BB6DD6 /* UITextField+ZZExtension.m in Sources */,
				DA7D51231DD1A2A000BB6DD6 /* ZZImageView.m in Sources */,
				DA7D51241DD1A2A000BB6DD6 /* ZZLabel.m in Sources */,
				DA7D51211DD1A2A000BB6DD6 /* ZZButton.m in Sources */,
				DA7D51281DD1A2A000BB6DD6 /* ZZTableViewCell.m in Sources */,
				DA7D51261DD1A2A000BB6DD6 /* ZZScrollView.m in Sources */,
				DA7D511E1DD1A2A000BB6DD6 /* UIButton+ZZExtension.m in Sources */,
				DA7D511D1DD1A2A000BB6DD6 /* NSObject+ZZExtension.m in Sources */,
				DA7D51291DD1A2A000BB6DD6 /* ZZTextField.m in Sources */,
			);
			runOnlyForDeploymentPostprocessing = 0;
		};
/* End PBXSourcesBuildPhase section */

/* Begin XCBuildConfiguration section */
		DA7D50F51DD1847F00BB6DD6 /* Debug */ = {
			isa = XCBuildConfiguration;
			buildSettings = {
				ALWAYS_SEARCH_USER_PATHS = NO;
				CLANG_ANALYZER_NONNULL = YES;
				CLANG_CXX_LANGUAGE_STANDARD = "gnu++0x";
				CLANG_CXX_LIBRARY = "libc++";
				CLANG_ENABLE_MODULES = YES;
				CLANG_ENABLE_OBJC_ARC = YES;
				CLANG_WARN_BOOL_CONVERSION = YES;
				CLANG_WARN_CONSTANT_CONVERSION = YES;
				CLANG_WARN_DIRECT_OBJC_ISA_USAGE = YES_ERROR;
				CLANG_WARN_DOCUMENTATION_COMMENTS = YES;
				CLANG_WARN_EMPTY_BODY = YES;
				CLANG_WARN_ENUM_CONVERSION = YES;
				CLANG_WARN_INFINITE_RECURSION = YES;
				CLANG_WARN_INT_CONVERSION = YES;
				CLANG_WARN_OBJC_ROOT_CLASS = YES_ERROR;
				CLANG_WARN_SUSPICIOUS_MOVES = YES;
				CLANG_WARN_UNREACHABLE_CODE = YES;
				CLANG_WARN__DUPLICATE_METHOD_MATCH = YES;
				"CODE_SIGN_IDENTITY[sdk=iphoneos*]" = "iPhone Developer";
				COPY_PHASE_STRIP = NO;
				DEBUG_INFORMATION_FORMAT = dwarf;
				ENABLE_STRICT_OBJC_MSGSEND = YES;
				ENABLE_TESTABILITY = YES;
				GCC_C_LANGUAGE_STANDARD = gnu99;
				GCC_DYNAMIC_NO_PIC = NO;
				GCC_NO_COMMON_BLOCKS = YES;
				GCC_OPTIMIZATION_LEVEL = 0;
				GCC_PREPROCESSOR_DEFINITIONS = (
					"DEBUG=1",
					"$(inherited)",
				);
				GCC_WARN_64_TO_32_BIT_CONVERSION = YES;
				GCC_WARN_ABOUT_RETURN_TYPE = YES_ERROR;
				GCC_WARN_UNDECLARED_SELECTOR = YES;
				GCC_WARN_UNINITIALIZED_AUTOS = YES_AGGRESSIVE;
				GCC_WARN_UNUSED_FUNCTION = YES;
				GCC_WARN_UNUSED_VARIABLE = YES;
				IPHONEOS_DEPLOYMENT_TARGET = 10.1;
				MTL_ENABLE_DEBUG_INFO = YES;
				ONLY_ACTIVE_ARCH = YES;
				SDKROOT = iphoneos;
			};
			name = Debug;
		};
		DA7D50F61DD1847F00BB6DD6 /* Release */ = {
			isa = XCBuildConfiguration;
			buildSettings = {
				ALWAYS_SEARCH_USER_PATHS = NO;
				CLANG_ANALYZER_NONNULL = YES;
				CLANG_CXX_LANGUAGE_STANDARD = "gnu++0x";
				CLANG_CXX_LIBRARY = "libc++";
				CLANG_ENABLE_MODULES = YES;
				CLANG_ENABLE_OBJC_ARC = YES;
				CLANG_WARN_BOOL_CONVERSION = YES;
				CLANG_WARN_CONSTANT_CONVERSION = YES;
				CLANG_WARN_DIRECT_OBJC_ISA_USAGE = YES_ERROR;
				CLANG_WARN_DOCUMENTATION_COMMENTS = YES;
				CLANG_WARN_EMPTY_BODY = YES;
				CLANG_WARN_ENUM_CONVERSION = YES;
				CLANG_WARN_INFINITE_RECURSION = YES;
				CLANG_WARN_INT_CONVERSION = YES;
				CLANG_WARN_OBJC_ROOT_CLASS = YES_ERROR;
				CLANG_WARN_SUSPICIOUS_MOVES = YES;
				CLANG_WARN_UNREACHABLE_CODE = YES;
				CLANG_WARN__DUPLICATE_METHOD_MATCH = YES;
				"CODE_SIGN_IDENTITY[sdk=iphoneos*]" = "iPhone Developer";
				COPY_PHASE_STRIP = NO;
				DEBUG_INFORMATION_FORMAT = "dwarf-with-dsym";
				ENABLE_NS_ASSERTIONS = NO;
				ENABLE_STRICT_OBJC_MSGSEND = YES;
				GCC_C_LANGUAGE_STANDARD = gnu99;
				GCC_NO_COMMON_BLOCKS = YES;
				GCC_WARN_64_TO_32_BIT_CONVERSION = YES;
				GCC_WARN_ABOUT_RETURN_TYPE = YES_ERROR;
				GCC_WARN_UNDECLARED_SELECTOR = YES;
				GCC_WARN_UNINITIALIZED_AUTOS = YES_AGGRESSIVE;
				GCC_WARN_UNUSED_FUNCTION = YES;
				GCC_WARN_UNUSED_VARIABLE = YES;
				IPHONEOS_DEPLOYMENT_TARGET = 10.1;
				MTL_ENABLE_DEBUG_INFO = NO;
				SDKROOT = iphoneos;
				VALIDATE_PRODUCT = YES;
			};
			name = Release;
		};
		DA7D50F81DD1847F00BB6DD6 /* Debug */ = {
			isa = XCBuildConfiguration;
			buildSettings = {
				DEVELOPMENT_TEAM = 8X56BT85G7;
				OTHER_LDFLAGS = "-ObjC";
				PRODUCT_NAME = "$(TARGET_NAME)";
				SKIP_INSTALL = YES;
			};
			name = Debug;
		};
		DA7D50F91DD1847F00BB6DD6 /* Release */ = {
			isa = XCBuildConfiguration;
			buildSettings = {
				DEVELOPMENT_TEAM = 8X56BT85G7;
				OTHER_LDFLAGS = "-ObjC";
				PRODUCT_NAME = "$(TARGET_NAME)";
				SKIP_INSTALL = YES;
			};
			name = Release;
		};
/* End XCBuildConfiguration section */

/* Begin XCConfigurationList section */
		DA7D50E91DD1847F00BB6DD6 /* Build configuration list for PBXProject "IosTools" */ = {
			isa = XCConfigurationList;
			buildConfigurations = (
				DA7D50F51DD1847F00BB6DD6 /* Debug */,
				DA7D50F61DD1847F00BB6DD6 /* Release */,
			);
			defaultConfigurationIsVisible = 0;
			defaultConfigurationName = Release;
		};
		DA7D50F71DD1847F00BB6DD6 /* Build configuration list for PBXNativeTarget "IosTools" */ = {
			isa = XCConfigurationList;
			buildConfigurations = (
				DA7D50F81DD1847F00BB6DD6 /* Debug */,
				DA7D50F91DD1847F00BB6DD6 /* Release */,
			);
			defaultConfigurationIsVisible = 0;
		};
/* End XCConfigurationList section */
	};
	rootObject = DA7D50E61DD1847E00BB6DD6 /* Project object */;
}
